// !$*UTF8*$!
{
	archiveVersion = 1;
	classes = {
	};
	objectVersion = 50;
	objects = {

/* Begin PBXBuildFile section */
		452E43642758986E0074530B /* SAReactNativeSwizzler.m in Sources */ = {isa = PBXBuildFile; fileRef = 452E43612758986E0074530B /* SAReactNativeSwizzler.m */; };
		4532EFF7275E319600D57554 /* SAReactNativeRootViewManager.m in Sources */ = {isa = PBXBuildFile; fileRef = 4532EFF6275E319600D57554 /* SAReactNativeRootViewManager.m */; };
		4535DFF727B24DB700456830 /* SAReactNativeDynamicPropertyPlugin.m in Sources */ = {isa = PBXBuildFile; fileRef = 4535DFF627B24DB700456830 /* SAReactNativeDynamicPropertyPlugin.m */; };
		4D618ED828F27706002F3CCA /* SAReactNativeGlobalPropertyPlugin.m in Sources */ = {isa = PBXBuildFile; fileRef = 4D618ED728F27706002F3CCA /* SAReactNativeGlobalPropertyPlugin.m */; };
		A18E9FB421A6AEDD00A66E41 /* RNSensorsAnalyticsModule.m in Sources */ = {isa = PBXBuildFile; fileRef = A18E9FB221A6AEDD00A66E41 /* RNSensorsAnalyticsModule.m */; };
		FC39004C244715AE00F486A7 /* SAReactNativeManager.m in Sources */ = {isa = PBXBuildFile; fileRef = FC39004B244715AE00F486A7 /* SAReactNativeManager.m */; };
		FC6EF7A9259DA6A40099EEB5 /* SAReactNativeEventProperty.m in Sources */ = {isa = PBXBuildFile; fileRef = FC6EF7A8259DA6A40099EEB5 /* SAReactNativeEventProperty.m */; };
		FC9EE671243731C000C45D16 /* RNSensorsDataModule.m in Sources */ = {isa = PBXBuildFile; fileRef = FC9EE670243731C000C45D16 /* RNSensorsDataModule.m */; };
		FCD3CF2B25466B7800758260 /* SAReactNativeCategory.m in Sources */ = {isa = PBXBuildFile; fileRef = FCD3CF2A25466B7800758260 /* SAReactNativeCategory.m */; };
/* End PBXBuildFile section */

/* Begin PBXCopyFilesBuildPhase section */
		A18E9FA421A6AB4300A66E41 /* CopyFiles */ = {
			isa = PBXCopyFilesBuildPhase;
			buildActionMask = 2147483647;
			dstPath = "include/$(PRODUCT_NAME)";
			dstSubfolderSpec = 16;
			files = (
			);
			runOnlyForDeploymentPostprocessing = 0;
		};
/* End PBXCopyFilesBuildPhase section */

/* Begin PBXFileReference section */
		452E43612758986E0074530B /* SAReactNativeSwizzler.m */ = {isa = PBXFileReference; fileEncoding = 4; lastKnownFileType = sourcecode.c.objc; path = SAReactNativeSwizzler.m; sourceTree = "<group>"; };
		452E43622758986E0074530B /* SAReactNativeSwizzler.h */ = {isa = PBXFileReference; fileEncoding = 4; lastKnownFileType = sourcecode.c.h; path = SAReactNativeSwizzler.h; sourceTree = "<group>"; };
		4532EFF5275E319600D57554 /* SAReactNativeRootViewManager.h */ = {isa = PBXFileReference; fileEncoding = 4; lastKnownFileType = sourcecode.c.h; path = SAReactNativeRootViewManager.h; sourceTree = "<group>"; };
		4532EFF6275E319600D57554 /* SAReactNativeRootViewManager.m */ = {isa = PBXFileReference; fileEncoding = 4; lastKnownFileType = sourcecode.c.objc; path = SAReactNativeRootViewManager.m; sourceTree = "<group>"; };
		4535DFF527B24DB700456830 /* SAReactNativeDynamicPropertyPlugin.h */ = {isa = PBXFileReference; fileEncoding = 4; lastKnownFileType = sourcecode.c.h; path = SAReactNativeDynamicPropertyPlugin.h; sourceTree = "<group>"; };
		4535DFF627B24DB700456830 /* SAReactNativeDynamicPropertyPlugin.m */ = {isa = PBXFileReference; fileEncoding = 4; lastKnownFileType = sourcecode.c.objc; path = SAReactNativeDynamicPropertyPlugin.m; sourceTree = "<group>"; };
		4D618ED628F27706002F3CCA /* SAReactNativeGlobalPropertyPlugin.h */ = {isa = PBXFileReference; lastKnownFileType = sourcecode.c.h; path = SAReactNativeGlobalPropertyPlugin.h; sourceTree = "<group>"; };
		4D618ED728F27706002F3CCA /* SAReactNativeGlobalPropertyPlugin.m */ = {isa = PBXFileReference; lastKnownFileType = sourcecode.c.objc; path = SAReactNativeGlobalPropertyPlugin.m; sourceTree = "<group>"; };
		A18E9FA621A6AB4300A66E41 /* libRNSensorsAnalyticsModule.a */ = {isa = PBXFileReference; explicitFileType = archive.ar; includeInIndex = 0; path = libRNSensorsAnalyticsModule.a; sourceTree = BUILT_PRODUCTS_DIR; };
		A18E9FB221A6AEDD00A66E41 /* RNSensorsAnalyticsModule.m */ = {isa = PBXFileReference; fileEncoding = 4; lastKnownFileType = sourcecode.c.objc; path = RNSensorsAnalyticsModule.m; sourceTree = "<group>"; };
		A18E9FB321A6AEDD00A66E41 /* RNSensorsAnalyticsModule.h */ = {isa = PBXFileReference; fileEncoding = 4; lastKnownFileType = sourcecode.c.h; path = RNSensorsAnalyticsModule.h; sourceTree = "<group>"; };
		FC39004A244715AE00F486A7 /* SAReactNativeManager.h */ = {isa = PBXFileReference; lastKnownFileType = sourcecode.c.h; path = SAReactNativeManager.h; sourceTree = "<group>"; };
		FC39004B244715AE00F486A7 /* SAReactNativeManager.m */ = {isa = PBXFileReference; lastKnownFileType = sourcecode.c.objc; path = SAReactNativeManager.m; sourceTree = "<group>"; };
		FC6EF7A7259DA6A40099EEB5 /* SAReactNativeEventProperty.h */ = {isa = PBXFileReference; lastKnownFileType = sourcecode.c.h; path = SAReactNativeEventProperty.h; sourceTree = "<group>"; };
		FC6EF7A8259DA6A40099EEB5 /* SAReactNativeEventProperty.m */ = {isa = PBXFileReference; lastKnownFileType = sourcecode.c.objc; path = SAReactNativeEventProperty.m; sourceTree = "<group>"; };
		FC9EE66F243731C000C45D16 /* RNSensorsDataModule.h */ = {isa = PBXFileReference; lastKnownFileType = sourcecode.c.h; path = RNSensorsDataModule.h; sourceTree = "<group>"; };
		FC9EE670243731C000C45D16 /* RNSensorsDataModule.m */ = {isa = PBXFileReference; lastKnownFileType = sourcecode.c.objc; path = RNSensorsDataModule.m; sourceTree = "<group>"; };
		FCD3CF2925466B7800758260 /* SAReactNativeCategory.h */ = {isa = PBXFileReference; fileEncoding = 4; lastKnownFileType = sourcecode.c.h; path = SAReactNativeCategory.h; sourceTree = "<group>"; };
		FCD3CF2A25466B7800758260 /* SAReactNativeCategory.m */ = {isa = PBXFileReference; fileEncoding = 4; lastKnownFileType = sourcecode.c.objc; path = SAReactNativeCategory.m; sourceTree = "<group>"; };
/* End PBXFileReference section */

/* Begin PBXFrameworksBuildPhase section */
		A18E9FA321A6AB4300A66E41 /* Frameworks */ = {
			isa = PBXFrameworksBuildPhase;
			buildActionMask = 2147483647;
			files = (
			);
			runOnlyForDeploymentPostprocessing = 0;
		};
/* End PBXFrameworksBuildPhase section */

/* Begin PBXGroup section */
		A18E9F9D21A6AB4300A66E41 = {
			isa = PBXGroup;
			children = (
				4535DFF527B24DB700456830 /* SAReactNativeDynamicPropertyPlugin.h */,
				4535DFF627B24DB700456830 /* SAReactNativeDynamicPropertyPlugin.m */,
				4532EFF5275E319600D57554 /* SAReactNativeRootViewManager.h */,
				4532EFF6275E319600D57554 /* SAReactNativeRootViewManager.m */,
				452E43622758986E0074530B /* SAReactNativeSwizzler.h */,
				452E43612758986E0074530B /* SAReactNativeSwizzler.m */,
				A18E9FB321A6AEDD00A66E41 /* RNSensorsAnalyticsModule.h */,
				A18E9FB221A6AEDD00A66E41 /* RNSensorsAnalyticsModule.m */,
				FC9EE66F243731C000C45D16 /* RNSensorsDataModule.h */,
				FC9EE670243731C000C45D16 /* RNSensorsDataModule.m */,
				4D618ED628F27706002F3CCA /* SAReactNativeGlobalPropertyPlugin.h */,
				4D618ED728F27706002F3CCA /* SAReactNativeGlobalPropertyPlugin.m */,
				FC39004A244715AE00F486A7 /* SAReactNativeManager.h */,
				FC39004B244715AE00F486A7 /* SAReactNativeManager.m */,
				FC6EF7A7259DA6A40099EEB5 /* SAReactNativeEventProperty.h */,
				FC6EF7A8259DA6A40099EEB5 /* SAReactNativeEventProperty.m */,
				FCD3CF2925466B7800758260 /* SAReactNativeCategory.h */,
				FCD3CF2A25466B7800758260 /* SAReactNativeCategory.m */,
				A18E9FA721A6AB4300A66E41 /* Products */,
			);
			sourceTree = "<group>";
		};
		A18E9FA721A6AB4300A66E41 /* Products */ = {
			isa = PBXGroup;
			children = (
				A18E9FA621A6AB4300A66E41 /* libRNSensorsAnalyticsModule.a */,
			);
			name = Products;
			sourceTree = "<group>";
		};
/* End PBXGroup section */

/* Begin PBXNativeTarget section */
		A18E9FA521A6AB4300A66E41 /* RNSensorsAnalyticsModule */ = {
			isa = PBXNativeTarget;
			buildConfigurationList = A18E9FAF21A6AB4300A66E41 /* Build configuration list for PBXNativeTarget "RNSensorsAnalyticsModule" */;
			buildPhases = (
				A18E9FA221A6AB4300A66E41 /* Sources */,
				A18E9FA321A6AB4300A66E41 /* Frameworks */,
				A18E9FA421A6AB4300A66E41 /* CopyFiles */,
			);
			buildRules = (
			);
			dependencies = (
			);
			name = RNSensorsAnalyticsModule;
			productName = RNSensorsAnalyticsModule;
			productReference = A18E9FA621A6AB4300A66E41 /* libRNSensorsAnalyticsModule.a */;
			productType = "com.apple.product-type.library.static";
		};
/* End PBXNativeTarget section */

/* Begin PBXProject section */
		A18E9F9E21A6AB4300A66E41 /* Project object */ = {
			isa = PBXProject;
			attributes = {
				LastUpgradeCheck = 1010;
				ORGANIZATIONNAME = ziven.mac;
				TargetAttributes = {
					A18E9FA521A6AB4300A66E41 = {
						CreatedOnToolsVersion = 10.1;
					};
				};
			};
			buildConfigurationList = A18E9FA121A6AB4300A66E41 /* Build configuration list for PBXProject "RNSensorsAnalyticsModule" */;
			compatibilityVersion = "Xcode 9.3";
			developmentRegion = en;
			hasScannedForEncodings = 0;
			knownRegions = (
				en,
			);
			mainGroup = A18E9F9D21A6AB4300A66E41;
			productRefGroup = A18E9FA721A6AB4300A66E41 /* Products */;
			projectDirPath = "";
			projectRoot = "";
			targets = (
				A18E9FA521A6AB4300A66E41 /* RNSensorsAnalyticsModule */,
			);
		};
/* End PBXProject section */

/* Begin PBXSourcesBuildPhase section */
		A18E9FA221A6AB4300A66E41 /* Sources */ = {
			isa = PBXSourcesBuildPhase;
			buildActionMask = 2147483647;
			files = (
				A18E9FB421A6AEDD00A66E41 /* RNSensorsAnalyticsModule.m in Sources */,
				FC39004C244715AE00F486A7 /* SAReactNativeManager.m in Sources */,
				4535DFF727B24DB700456830 /* SAReactNativeDynamicPropertyPlugin.m in Sources */,
				FC6EF7A9259DA6A40099EEB5 /* SAReactNativeEventProperty.m in Sources */,
				FCD3CF2B25466B7800758260 /* SAReactNativeCategory.m in Sources */,
				4D618ED828F27706002F3CCA /* SAReactNativeGlobalPropertyPlugin.m in Sources */,
				452E43642758986E0074530B /* SAReactNativeSwizzler.m in Sources */,
				FC9EE671243731C000C45D16 /* RNSensorsDataModule.m in Sources */,
				4532EFF7275E319600D57554 /* SAReactNativeRootViewManager.m in Sources */,
			);
			runOnlyForDeploymentPostprocessing = 0;
		};
/* End PBXSourcesBuildPhase section */

/* Begin XCBuildConfiguration section */
		A18E9FAD21A6AB4300A66E41 /* Debug */ = {
			isa = XCBuildConfiguration;
			buildSettings = {
				ALWAYS_SEARCH_USER_PATHS = NO;
				CLANG_ANALYZER_NONNULL = YES;
				CLANG_ANALYZER_NUMBER_OBJECT_CONVERSION = YES_AGGRESSIVE;
				CLANG_CXX_LANGUAGE_STANDARD = "gnu++14";
				CLANG_CXX_LIBRARY = "libc++";
				CLANG_ENABLE_MODULES = YES;
				CLANG_ENABLE_OBJC_ARC = YES;
				CLANG_ENABLE_OBJC_WEAK = YES;
				CLANG_WARN_BLOCK_CAPTURE_AUTORELEASING = YES;
				CLANG_WARN_BOOL_CONVERSION = YES;
				CLANG_WARN_COMMA = YES;
				CLANG_WARN_CONSTANT_CONVERSION = YES;
				CLANG_WARN_DEPRECATED_OBJC_IMPLEMENTATIONS = YES;
				CLANG_WARN_DIRECT_OBJC_ISA_USAGE = YES_ERROR;
				CLANG_WARN_DOCUMENTATION_COMMENTS = YES;
				CLANG_WARN_EMPTY_BODY = YES;
				CLANG_WARN_ENUM_CONVERSION = YES;
				CLANG_WARN_INFINITE_RECURSION = YES;
				CLANG_WARN_INT_CONVERSION = YES;
				CLANG_WARN_NON_LITERAL_NULL_CONVERSION = YES;
				CLANG_WARN_OBJC_IMPLICIT_RETAIN_SELF = YES;
				CLANG_WARN_OBJC_LITERAL_CONVERSION = YES;
				CLANG_WARN_OBJC_ROOT_CLASS = YES_ERROR;
				CLANG_WARN_RANGE_LOOP_ANALYSIS = YES;
				CLANG_WARN_STRICT_PROTOTYPES = YES;
				CLANG_WARN_SUSPICIOUS_MOVE = YES;
				CLANG_WARN_UNGUARDED_AVAILABILITY = YES_AGGRESSIVE;
				CLANG_WARN_UNREACHABLE_CODE = YES;
				CLANG_WARN__DUPLICATE_METHOD_MATCH = YES;
				CODE_SIGN_IDENTITY = "iPhone Developer";
				COPY_PHASE_STRIP = NO;
				DEBUG_INFORMATION_FORMAT = dwarf;
				ENABLE_STRICT_OBJC_MSGSEND = YES;
				ENABLE_TESTABILITY = YES;
				GCC_C_LANGUAGE_STANDARD = gnu11;
				GCC_DYNAMIC_NO_PIC = NO;
				GCC_NO_COMMON_BLOCKS = YES;
				GCC_OPTIMIZATION_LEVEL = 0;
				GCC_PREPROCESSOR_DEFINITIONS = (
					"DEBUG=1",
					"$(inherited)",
				);
				GCC_WARN_64_TO_32_BIT_CONVERSION = YES;
				GCC_WARN_ABOUT_RETURN_TYPE = YES_ERROR;
				GCC_WARN_UNDECLARED_SELECTOR = YES;
				GCC_WARN_UNINITIALIZED_AUTOS = YES_AGGRESSIVE;
				GCC_WARN_UNUSED_FUNCTION = YES;
				GCC_WARN_UNUSED_VARIABLE = YES;
				IPHONEOS_DEPLOYMENT_TARGET = 8.0;
				MTL_ENABLE_DEBUG_INFO = INCLUDE_SOURCE;
				MTL_FAST_MATH = YES;
				ONLY_ACTIVE_ARCH = YES;
				SDKROOT = iphoneos;
			};
			name = Debug;
		};
		A18E9FAE21A6AB4300A66E41 /* Release */ = {
			isa = XCBuildConfiguration;
			buildSettings = {
				ALWAYS_SEARCH_USER_PATHS = NO;
				CLANG_ANALYZER_NONNULL = YES;
				CLANG_ANALYZER_NUMBER_OBJECT_CONVERSION = YES_AGGRESSIVE;
				CLANG_CXX_LANGUAGE_STANDARD = "gnu++14";
				CLANG_CXX_LIBRARY = "libc++";
				CLANG_ENABLE_MODULES = YES;
				CLANG_ENABLE_OBJC_ARC = YES;
				CLANG_ENABLE_OBJC_WEAK = YES;
				CLANG_WARN_BLOCK_CAPTURE_AUTORELEASING = YES;
				CLANG_WARN_BOOL_CONVERSION = YES;
				CLANG_WARN_COMMA = YES;
				CLANG_WARN_CONSTANT_CONVERSION = YES;
				CLANG_WARN_DEPRECATED_OBJC_IMPLEMENTATIONS = YES;
				CLANG_WARN_DIRECT_OBJC_ISA_USAGE = YES_ERROR;
				CLANG_WARN_DOCUMENTATION_COMMENTS = YES;
				CLANG_WARN_EMPTY_BODY = YES;
				CLANG_WARN_ENUM_CONVERSION = YES;
				CLANG_WARN_INFINITE_RECURSION = YES;
				CLANG_WARN_INT_CONVERSION = YES;
				CLANG_WARN_NON_LITERAL_NULL_CONVERSION = YES;
				CLANG_WARN_OBJC_IMPLICIT_RETAIN_SELF = YES;
				CLANG_WARN_OBJC_LITERAL_CONVERSION = YES;
				CLANG_WARN_OBJC_ROOT_CLASS = YES_ERROR;
				CLANG_WARN_RANGE_LOOP_ANALYSIS = YES;
				CLANG_WARN_STRICT_PROTOTYPES = YES;
				CLANG_WARN_SUSPICIOUS_MOVE = YES;
				CLANG_WARN_UNGUARDED_AVAILABILITY = YES_AGGRESSIVE;
				CLANG_WARN_UNREACHABLE_CODE = YES;
				CLANG_WARN__DUPLICATE_METHOD_MATCH = YES;
				CODE_SIGN_IDENTITY = "iPhone Developer";
				COPY_PHASE_STRIP = NO;
				DEBUG_INFORMATION_FORMAT = "dwarf-with-dsym";
				ENABLE_NS_ASSERTIONS = NO;
				ENABLE_STRICT_OBJC_MSGSEND = YES;
				GCC_C_LANGUAGE_STANDARD = gnu11;
				GCC_NO_COMMON_BLOCKS = YES;
				GCC_WARN_64_TO_32_BIT_CONVERSION = YES;
				GCC_WARN_ABOUT_RETURN_TYPE = YES_ERROR;
				GCC_WARN_UNDECLARED_SELECTOR = YES;
				GCC_WARN_UNINITIALIZED_AUTOS = YES_AGGRESSIVE;
				GCC_WARN_UNUSED_FUNCTION = YES;
				GCC_WARN_UNUSED_VARIABLE = YES;
				IPHONEOS_DEPLOYMENT_TARGET = 8.0;
				MTL_ENABLE_DEBUG_INFO = NO;
				MTL_FAST_MATH = YES;
				SDKROOT = iphoneos;
				VALIDATE_PRODUCT = YES;
			};
			name = Release;
		};
		A18E9FB021A6AB4300A66E41 /* Debug */ = {
			isa = XCBuildConfiguration;
			buildSettings = {
				CODE_SIGN_STYLE = Automatic;
				OTHER_LDFLAGS = "-ObjC";
				PRODUCT_NAME = "$(TARGET_NAME)";
				SKIP_INSTALL = YES;
				TARGETED_DEVICE_FAMILY = "1,2";
			};
			name = Debug;
		};
		A18E9FB121A6AB4300A66E41 /* Release */ = {
			isa = XCBuildConfiguration;
			buildSettings = {
				CODE_SIGN_STYLE = Automatic;
				OTHER_LDFLAGS = "-ObjC";
				PRODUCT_NAME = "$(TARGET_NAME)";
				SKIP_INSTALL = YES;
				TARGETED_DEVICE_FAMILY = "1,2";
			};
			name = Release;
		};
/* End XCBuildConfiguration section */

/* Begin XCConfigurationList section */
		A18E9FA121A6AB4300A66E41 /* Build configuration list for PBXProject "RNSensorsAnalyticsModule" */ = {
			isa = XCConfigurationList;
			buildConfigurations = (
				A18E9FAD21A6AB4300A66E41 /* Debug */,
				A18E9FAE21A6AB4300A66E41 /* Release */,
			);
			defaultConfigurationIsVisible = 0;
			defaultConfigurationName = Release;
		};
		A18E9FAF21A6AB4300A66E41 /* Build configuration list for PBXNativeTarget "RNSensorsAnalyticsModule" */ = {
			isa = XCConfigurationList;
			buildConfigurations = (
				A18E9FB021A6AB4300A66E41 /* Debug */,
				A18E9FB121A6AB4300A66E41 /* Release */,
			);
			defaultConfigurationIsVisible = 0;
			defaultConfigurationName = Release;
		};
/* End XCConfigurationList section */
	};
	rootObject = A18E9F9E21A6AB4300A66E41 /* Project object */;
}
